
Microsoft Visual Studio Solution File, Format Version 12.00
# Visual Studio Version 17
VisualStudioVersion = 17.9.34728.123
MinimumVisualStudioVersion = 10.0.40219.1
Project("{FAE04EC0-301F-11D3-BF4B-00C04F79EFBC}") = "HerfaTest", "HerfaTest\HerfaTest.csproj", "{1C47BF89-C519-4F62-BEE6-087BA9943396}"
EndProject
Global
	GlobalSection(SolutionConfigurationPlatforms) = preSolution
		Debug|Any CPU = Debug|Any CPU
		Release|Any CPU = Release|Any CPU
	EndGlobalSection
	GlobalSection(ProjectConfigurationPlatforms) = postSolution
		{1C47BF89-C519-4F62-BEE6-087BA9943396}.Debug|Any CPU.ActiveCfg = Debug|Any CPU
		{1C47BF89-C519-4F62-BEE6-087BA9943396}.Debug|Any CPU.Build.0 = Debug|Any CPU
		{1C47BF89-C519-4F62-BEE6-087BA9943396}.Release|Any CPU.ActiveCfg = Release|Any CPU
		{1C47BF89-C519-4F62-BEE6-087BA9943396}.Release|Any CPU.Build.0 = Release|Any CPU
	EndGlobalSection
	GlobalSection(SolutionProperties) = preSolution
		HideSolutionNode = FALSE
	EndGlobalSection
	GlobalSection(ExtensibilityGlobals) = postSolution
		SolutionGuid = {5F7A988C-0A98-4EDB-8247-AA84BEF81161}
	EndGlobalSection
EndGlobal
